
Microsoft Visual Studio Solution File, Format Version 12.00
Project("{FAE04EC0-301F-11D3-BF4B-00C04F79EFBC}") = "Task 6", "Task 6.csproj", "{EC7F807D-F7AB-4591-A740-420C0E28DFAF}"
EndProject
Global
	GlobalSection(SolutionConfigurationPlatforms) = preSolution
		Debug|Any CPU = Debug|Any CPU
		Release|Any CPU = Release|Any CPU
	EndGlobalSection
	GlobalSection(ProjectConfigurationPlatforms) = postSolution
		{EC7F807D-F7AB-4591-A740-420C0E28DFAF}.Debug|Any CPU.ActiveCfg = Debug|Any CPU
		{EC7F807D-F7AB-4591-A740-420C0E28DFAF}.Debug|Any CPU.Build.0 = Debug|Any CPU
		{EC7F807D-F7AB-4591-A740-420C0E28DFAF}.Release|Any CPU.ActiveCfg = Release|Any CPU
		{EC7F807D-F7AB-4591-A740-420C0E28DFAF}.Release|Any CPU.Build.0 = Release|Any CPU
	EndGlobalSection
EndGlobal
